
Microsoft Visual Studio Solution File, Format Version 12.00
# Visual Studio Version 17
VisualStudioVersion = 17.2.32526.322
MinimumVisualStudioVersion = 10.0.40219.1
Project("{FAE04EC0-301F-11D3-BF4B-00C04F79EFBC}") = "TemplateMethod", "TemplateMethod\TemplateMethod.csproj", "{948157A2-F718-4B42-A600-472887E868DF}"
EndProject
Global
	GlobalSection(SolutionConfigurationPlatforms) = preSolution
		Debug|Any CPU = Debug|Any CPU
		Release|Any CPU = Release|Any CPU
	EndGlobalSection
	GlobalSection(ProjectConfigurationPlatforms) = postSolution
		{948157A2-F718-4B42-A600-472887E868DF}.Debug|Any CPU.ActiveCfg = Debug|Any CPU
		{948157A2-F718-4B42-A600-472887E868DF}.Debug|Any CPU.Build.0 = Debug|Any CPU
		{948157A2-F718-4B42-A600-472887E868DF}.Release|Any CPU.ActiveCfg = Release|Any CPU
		{948157A2-F718-4B42-A600-472887E868DF}.Release|Any CPU.Build.0 = Release|Any CPU
	EndGlobalSection
	GlobalSection(SolutionProperties) = preSolution
		HideSolutionNode = FALSE
	EndGlobalSection
	GlobalSection(ExtensibilityGlobals) = postSolution
		SolutionGuid = {52B139F0-FFC5-4D73-B862-1EFC1B374B29}
	EndGlobalSection
EndGlobal
